---
ID: "f396e729-901b-42c5-ace7-8ca8d9096a92"
Parent: "56cb9ef1-bbab-4dfa-8a0f-592845144ae6"
Template: "f1828a2c-7e5d-4bbd-98ca-320474871548"
Path: /sitecore/media library/Launch Sitecore/Site Images/Icons/Color/table selection block
DB: master
SharedFields:
- ID: "40e50ed9-ba07-4702-992e-a912738d32dc"
  Hint: Blob
  BlobID: "00000000-0000-0000-0000-000000000000"
  Value: iVBORw0KGgoAAAANSUhEUgAAACAAAAAgCAYAAABzenr0AAAAK3RFWHRDcmVhdGlvbiBUaW1lAERvIDEzIEZlYiAyMDAzIDE2OjQ2OjM4ICswMTAwTRMw3wAAAAd0SU1FB9MKBhQTO/xuIEYAAAAJcEhZcwAACvAAAArwAUKsNJgAAAAEZ0FNQQAAsY8L/GEFAAADR0lEQVR42sVXzUtUURQ/Mz6/R4qgopIWEfgPFIE4fsuL/oEWQfQB1aJF60AIaRO2MiRdFAbCgJCzKJj31Bm/ahG0yF2ikCLSwkwTx3Ec9XTPu3PmXd+8mZFBnweO9/7ufXPOuef83rk+gBMWX465F4LS6dvUTTE+B78W9MRtcvMLLP3oge6gIVBcI+f9171xPrcJ8G010DC9cbFUwN9CZzQ6OW28/vrHkwRAIABw9soNMbsmdIEyAL/i4k9lpTcBaBrPLpFXC0UoGdXV3gRgS5lQvxXAcK156F+h4O7+vhz39mzMazxX19TnamrK4fZ6M5lKv3X9iNFoFFUxDCMvjkQM3NlBTCQQ43HEcNjAtTXE1VXElRXEUMjA5WXEpSXEhQXEgQED5+cRZ2cRFxdFKP0UDvQIrfMXmz+fz1bGxUjRARyV+KwSXI1BKpXKLOrhF5Ktu7sAiS2AzQ2AC7V58fCdvgM1d3KC56WiA9xN6ACPfW+Eq97MO6Hruh3Wp5cAz+4DrPyV+iFUELe16RnHY2MmNDfr1pzWJiZMCAblfkWFsG8UKgGdjAwnd+y1QrhI0VxXKa3kgGQjbgeUB1u8PlYOqNnZ3pYtVcEfHw0eqg+UlblwgDYLcuBVp41HprP2W1r0jLNo1ISmJpsTWRxQ+p7FAY700Bxw208fxKnqnjoe4ABH7venm0shDrjsqy3azaFbUBkORC7HRACSAxTArXdP8tdc07L2hx4OZr3zzpE5cC/pwoHWVj3TWj/v90FHh82JkRET2tslJiOjo6ZVczZu1bzRxrGYCY1pTDo5aUJDg+SAdeuPOkrAD3IAHLFaPzae6/ZT9wrNszhAkZFyAIxZuKM5jeW6hvk36piXA+FzBznglFyEcjrhoHPxgJQ48CDlwgGqKQvVkDjhxGyEas69nvD4uHzP2Zlac1qbmjKhvl7iqiphcNyFA1wCteZqBtQSMFb541YStyy5cmAuWQod5bZR6gclJfZDjNk5zelaVa9YSi07IUwdj4OgPTo5zWe27HNJDnT97ITzdV3gpYSeDsFE75yYvaeknxHaBPL/9AAc/ycanVx8icB3oZO+dBlOCT0Nua7noxfRPmFd6L8T/zg9cfkPgkoJJroSsUkAAAAASUVORK5CYII=
- ID: "22eac599-f13b-4607-a89d-c091763a467d"
  Hint: Width
  Value: 32
- ID: "de2ca9e4-c117-4c8a-a139-1ff4b199d15a"
  Hint: Height
  Value: 32
- ID: "c06867fe-9a43-4c7d-b739-48780492d06f"
  Hint: Extension
  Value: png
- ID: "6f47a0a5-9c94-4b48-abeb-42d38def6054"
  Hint: Mime Type
  Value: image/png
- ID: "6954b7c7-2487-423f-8600-436cb3b6dc0e"
  Hint: Size
  Value: 1007
- ID: "cb09946f-3218-4823-87d2-d5007c199a96"
  Hint: Dimensions
  Value: 32 x 32
- ID: "06d5295c-ed2f-4a54-9bf2-26228d113318"
  Hint: __Icon
  Value: "~/media/F396E729901B42C5ACE78CA8D9096A92.ashx?h=16&thn=1&w=16"
Languages:
- Language: en
  Versions:
  - Version: 1
    Fields:
    - ID: "65885c44-8fcd-4a7f-94f1-ee63703fe193"
      Hint: Alt
      Value: Placeholders
    - ID: "52807595-0f8f-4b20-8d2a-cb71d28c6103"
      Hint: __Owner
      Value: |
        sitecore\mde
    - ID: "25bed78c-4957-4165-998a-ca1b52f67497"
      Hint: __Created
      Value: 20120404T143303
    - ID: "5dd74568-4d4b-44c1-b513-0af5f4cda34f"
      Hint: __Created by
      Value: |
        sitecore\mde
    - ID: "8cdc337e-a112-42fb-bbb4-4143751e123f"
      Hint: __Revision
      Value: "69fd0f8e-ed64-427a-9c05-6fedd5704ee8"
    - ID: "d9cf14b1-fa16-4ba6-9288-e8a174d4d522"
      Hint: __Updated
      Value: "20120412T091547:634698189476430824"
    - ID: "badd9cf9-53e0-4d0c-bcc0-2d784c282f6a"
      Hint: __Updated by
      Value: |
        sitecore\chc
