
Microsoft Visual Studio Solution File, Format Version 12.00
# Visual Studio 2012
Project("{FAE04EC0-301F-11D3-BF4B-00C04F79EFBC}") = "LaunchSitecore.Client", "LaunchSitecore.Client\LaunchSitecore.Client.csproj", "{A483A9BB-2D40-4FE0-890B-D66B4B366174}"
EndProject
Project("{CAA73BB0-EF22-4D79-A57E-DF67B3BA9C80}") = "TDS.Master", "TDS.Master\TDS.Master.scproj", "{7B53636F-27DD-44A1-8102-B7B0C579F7DE}"
EndProject
Project("{CAA73BB0-EF22-4D79-A57E-DF67B3BA9C80}") = "TDS.Core", "TDS.Core\TDS.Core.scproj", "{583A259D-AE10-414C-B84D-659E3CCE56E5}"
EndProject
Project("{FAE04EC0-301F-11D3-BF4B-00C04F79EFBC}") = "LaunchContent", "LaunchContent\LaunchContent.csproj", "{AB40808F-AAA0-491C-A220-C1C0C8905BDE}"
EndProject
Project("{FAE04EC0-301F-11D3-BF4B-00C04F79EFBC}") = "Extensions", "Extensions\Extensions.csproj", "{D29742AE-DCD9-4A34-AD67-E3F39FE4443C}"
EndProject
Project("{2150E333-8FDC-42A3-9474-1A3956D46DE8}") = ".tds", ".tds", "{DE8F7DC4-79DF-4E26-B8CF-D4B5F1BD1141}"
	ProjectSection(SolutionItems) = preProject
		TdsGlobal.config = TdsGlobal.config
	EndProjectSection
EndProject
Project("{CAA73BB0-EF22-4D79-A57E-DF67B3BA9C80}") = "TDS.Base", "TDS.Base\TDS.Base.scproj", "{593E58CD-A64E-42C0-A5DB-AA592328CEF5}"
EndProject
Project("{FAE04EC0-301F-11D3-BF4B-00C04F79EFBC}") = "MultipleDataSourceLocationsWithQueries", "MultipleDataSourceLocationsWithQueries\MultipleDataSourceLocationsWithQueries.csproj", "{0E13BF74-9F28-4287-8FE6-33399C9BBFA2}"
EndProject
Global
	GlobalSection(SolutionConfigurationPlatforms) = preSolution
		Debug|Any CPU = Debug|Any CPU
		Release|Any CPU = Release|Any CPU
	EndGlobalSection
	GlobalSection(ProjectConfigurationPlatforms) = postSolution
		{A483A9BB-2D40-4FE0-890B-D66B4B366174}.Debug|Any CPU.ActiveCfg = Debug|Any CPU
		{A483A9BB-2D40-4FE0-890B-D66B4B366174}.Debug|Any CPU.Build.0 = Debug|Any CPU
		{A483A9BB-2D40-4FE0-890B-D66B4B366174}.Release|Any CPU.ActiveCfg = Release|Any CPU
		{A483A9BB-2D40-4FE0-890B-D66B4B366174}.Release|Any CPU.Build.0 = Release|Any CPU
		{7B53636F-27DD-44A1-8102-B7B0C579F7DE}.Debug|Any CPU.ActiveCfg = Debug|Any CPU
		{7B53636F-27DD-44A1-8102-B7B0C579F7DE}.Debug|Any CPU.Build.0 = Debug|Any CPU
		{7B53636F-27DD-44A1-8102-B7B0C579F7DE}.Debug|Any CPU.Deploy.0 = Debug|Any CPU
		{7B53636F-27DD-44A1-8102-B7B0C579F7DE}.Release|Any CPU.ActiveCfg = Release|Any CPU
		{7B53636F-27DD-44A1-8102-B7B0C579F7DE}.Release|Any CPU.Build.0 = Release|Any CPU
		{7B53636F-27DD-44A1-8102-B7B0C579F7DE}.Release|Any CPU.Deploy.0 = Release|Any CPU
		{583A259D-AE10-414C-B84D-659E3CCE56E5}.Debug|Any CPU.ActiveCfg = Debug|Any CPU
		{583A259D-AE10-414C-B84D-659E3CCE56E5}.Debug|Any CPU.Build.0 = Debug|Any CPU
		{583A259D-AE10-414C-B84D-659E3CCE56E5}.Debug|Any CPU.Deploy.0 = Debug|Any CPU
		{583A259D-AE10-414C-B84D-659E3CCE56E5}.Release|Any CPU.ActiveCfg = Release|Any CPU
		{583A259D-AE10-414C-B84D-659E3CCE56E5}.Release|Any CPU.Build.0 = Release|Any CPU
		{583A259D-AE10-414C-B84D-659E3CCE56E5}.Release|Any CPU.Deploy.0 = Release|Any CPU
		{AB40808F-AAA0-491C-A220-C1C0C8905BDE}.Debug|Any CPU.ActiveCfg = Debug|Any CPU
		{AB40808F-AAA0-491C-A220-C1C0C8905BDE}.Debug|Any CPU.Build.0 = Debug|Any CPU
		{AB40808F-AAA0-491C-A220-C1C0C8905BDE}.Release|Any CPU.ActiveCfg = Release|Any CPU
		{AB40808F-AAA0-491C-A220-C1C0C8905BDE}.Release|Any CPU.Build.0 = Release|Any CPU
		{D29742AE-DCD9-4A34-AD67-E3F39FE4443C}.Debug|Any CPU.ActiveCfg = Debug|Any CPU
		{D29742AE-DCD9-4A34-AD67-E3F39FE4443C}.Debug|Any CPU.Build.0 = Debug|Any CPU
		{D29742AE-DCD9-4A34-AD67-E3F39FE4443C}.Release|Any CPU.ActiveCfg = Release|Any CPU
		{D29742AE-DCD9-4A34-AD67-E3F39FE4443C}.Release|Any CPU.Build.0 = Release|Any CPU
		{593E58CD-A64E-42C0-A5DB-AA592328CEF5}.Debug|Any CPU.ActiveCfg = Debug|Any CPU
		{593E58CD-A64E-42C0-A5DB-AA592328CEF5}.Debug|Any CPU.Build.0 = Debug|Any CPU
		{593E58CD-A64E-42C0-A5DB-AA592328CEF5}.Debug|Any CPU.Deploy.0 = Debug|Any CPU
		{593E58CD-A64E-42C0-A5DB-AA592328CEF5}.Release|Any CPU.ActiveCfg = Release|Any CPU
		{593E58CD-A64E-42C0-A5DB-AA592328CEF5}.Release|Any CPU.Build.0 = Release|Any CPU
		{593E58CD-A64E-42C0-A5DB-AA592328CEF5}.Release|Any CPU.Deploy.0 = Release|Any CPU
		{0E13BF74-9F28-4287-8FE6-33399C9BBFA2}.Debug|Any CPU.ActiveCfg = Debug|Any CPU
		{0E13BF74-9F28-4287-8FE6-33399C9BBFA2}.Debug|Any CPU.Build.0 = Debug|Any CPU
		{0E13BF74-9F28-4287-8FE6-33399C9BBFA2}.Release|Any CPU.ActiveCfg = Release|Any CPU
		{0E13BF74-9F28-4287-8FE6-33399C9BBFA2}.Release|Any CPU.Build.0 = Release|Any CPU
	EndGlobalSection
	GlobalSection(SolutionProperties) = preSolution
		HideSolutionNode = FALSE
	EndGlobalSection
EndGlobal
