
Microsoft Visual Studio Solution File, Format Version 12.00
# Visual Studio 2010
Project("{FAE04EC0-301F-11D3-BF4B-00C04F79EFBC}") = "LaunchSitecore.Client", "LaunchSitecore.Client\LaunchSitecore.Client.csproj", "{A483A9BB-2D40-4FE0-890B-D66B4B366174}"
EndProject
Project("{CAA73BB0-EF22-4D79-A57E-DF67B3BA9C80}") = "TDS.Master", "TDS.Master\TDS.Master.scproj", "{7B53636F-27DD-44A1-8102-B7B0C579F7DE}"
EndProject
Project("{CAA73BB0-EF22-4D79-A57E-DF67B3BA9C80}") = "TDS.Core", "TDS.Core\TDS.Core.scproj", "{583A259D-AE10-414C-B84D-659E3CCE56E5}"
EndProject
Project("{FAE04EC0-301F-11D3-BF4B-00C04F79EFBC}") = "LaunchContent", "LaunchContent\LaunchContent.csproj", "{AB40808F-AAA0-491C-A220-C1C0C8905BDE}"
EndProject
Project("{FAE04EC0-301F-11D3-BF4B-00C04F79EFBC}") = "Extensions", "Extensions\Extensions.csproj", "{D29742AE-DCD9-4A34-AD67-E3F39FE4443C}"
EndProject
Global
	GlobalSection(SolutionConfigurationPlatforms) = preSolution
		Debug|Any CPU = Debug|Any CPU
		Debug-Adrian|Any CPU = Debug-Adrian|Any CPU
		Debug-Sean|Any CPU = Debug-Sean|Any CPU
		Debug-SeanSVN|Any CPU = Debug-SeanSVN|Any CPU
		Dev|Any CPU = Dev|Any CPU
		Prod|Any CPU = Prod|Any CPU
		QA|Any CPU = QA|Any CPU
		Release|Any CPU = Release|Any CPU
	EndGlobalSection
	GlobalSection(ProjectConfigurationPlatforms) = postSolution
		{A483A9BB-2D40-4FE0-890B-D66B4B366174}.Debug|Any CPU.ActiveCfg = Debug|Any CPU
		{A483A9BB-2D40-4FE0-890B-D66B4B366174}.Debug|Any CPU.Build.0 = Debug|Any CPU
		{A483A9BB-2D40-4FE0-890B-D66B4B366174}.Debug-Adrian|Any CPU.ActiveCfg = Debug-Adrian|Any CPU
		{A483A9BB-2D40-4FE0-890B-D66B4B366174}.Debug-Adrian|Any CPU.Build.0 = Debug-Adrian|Any CPU
		{A483A9BB-2D40-4FE0-890B-D66B4B366174}.Debug-Sean|Any CPU.ActiveCfg = Debug-Sean|Any CPU
		{A483A9BB-2D40-4FE0-890B-D66B4B366174}.Debug-Sean|Any CPU.Build.0 = Debug-Sean|Any CPU
		{A483A9BB-2D40-4FE0-890B-D66B4B366174}.Debug-SeanSVN|Any CPU.ActiveCfg = Debug-SeanSVN|Any CPU
		{A483A9BB-2D40-4FE0-890B-D66B4B366174}.Debug-SeanSVN|Any CPU.Build.0 = Debug-SeanSVN|Any CPU
		{A483A9BB-2D40-4FE0-890B-D66B4B366174}.Dev|Any CPU.ActiveCfg = Dev|Any CPU
		{A483A9BB-2D40-4FE0-890B-D66B4B366174}.Dev|Any CPU.Build.0 = Dev|Any CPU
		{A483A9BB-2D40-4FE0-890B-D66B4B366174}.Prod|Any CPU.ActiveCfg = Prod|Any CPU
		{A483A9BB-2D40-4FE0-890B-D66B4B366174}.Prod|Any CPU.Build.0 = Prod|Any CPU
		{A483A9BB-2D40-4FE0-890B-D66B4B366174}.QA|Any CPU.ActiveCfg = QA|Any CPU
		{A483A9BB-2D40-4FE0-890B-D66B4B366174}.QA|Any CPU.Build.0 = QA|Any CPU
		{A483A9BB-2D40-4FE0-890B-D66B4B366174}.Release|Any CPU.ActiveCfg = Release|Any CPU
		{A483A9BB-2D40-4FE0-890B-D66B4B366174}.Release|Any CPU.Build.0 = Release|Any CPU
		{7B53636F-27DD-44A1-8102-B7B0C579F7DE}.Debug|Any CPU.ActiveCfg = Debug|Any CPU
		{7B53636F-27DD-44A1-8102-B7B0C579F7DE}.Debug|Any CPU.Build.0 = Debug|Any CPU
		{7B53636F-27DD-44A1-8102-B7B0C579F7DE}.Debug|Any CPU.Deploy.0 = Debug|Any CPU
		{7B53636F-27DD-44A1-8102-B7B0C579F7DE}.Debug-Adrian|Any CPU.ActiveCfg = Debug-Adrian|Any CPU
		{7B53636F-27DD-44A1-8102-B7B0C579F7DE}.Debug-Adrian|Any CPU.Build.0 = Debug-Adrian|Any CPU
		{7B53636F-27DD-44A1-8102-B7B0C579F7DE}.Debug-Adrian|Any CPU.Deploy.0 = Debug-Adrian|Any CPU
		{7B53636F-27DD-44A1-8102-B7B0C579F7DE}.Debug-Sean|Any CPU.ActiveCfg = Debug-Sean|Any CPU
		{7B53636F-27DD-44A1-8102-B7B0C579F7DE}.Debug-Sean|Any CPU.Build.0 = Debug-Sean|Any CPU
		{7B53636F-27DD-44A1-8102-B7B0C579F7DE}.Debug-Sean|Any CPU.Deploy.0 = Debug-Sean|Any CPU
		{7B53636F-27DD-44A1-8102-B7B0C579F7DE}.Debug-SeanSVN|Any CPU.ActiveCfg = Debug-SeanSVN|Any CPU
		{7B53636F-27DD-44A1-8102-B7B0C579F7DE}.Debug-SeanSVN|Any CPU.Build.0 = Debug-SeanSVN|Any CPU
		{7B53636F-27DD-44A1-8102-B7B0C579F7DE}.Debug-SeanSVN|Any CPU.Deploy.0 = Debug-SeanSVN|Any CPU
		{7B53636F-27DD-44A1-8102-B7B0C579F7DE}.Dev|Any CPU.ActiveCfg = Dev|Any CPU
		{7B53636F-27DD-44A1-8102-B7B0C579F7DE}.Dev|Any CPU.Build.0 = Dev|Any CPU
		{7B53636F-27DD-44A1-8102-B7B0C579F7DE}.Dev|Any CPU.Deploy.0 = Dev|Any CPU
		{7B53636F-27DD-44A1-8102-B7B0C579F7DE}.Prod|Any CPU.ActiveCfg = Prod|Any CPU
		{7B53636F-27DD-44A1-8102-B7B0C579F7DE}.Prod|Any CPU.Build.0 = Prod|Any CPU
		{7B53636F-27DD-44A1-8102-B7B0C579F7DE}.Prod|Any CPU.Deploy.0 = Prod|Any CPU
		{7B53636F-27DD-44A1-8102-B7B0C579F7DE}.QA|Any CPU.ActiveCfg = QA|Any CPU
		{7B53636F-27DD-44A1-8102-B7B0C579F7DE}.QA|Any CPU.Build.0 = QA|Any CPU
		{7B53636F-27DD-44A1-8102-B7B0C579F7DE}.QA|Any CPU.Deploy.0 = QA|Any CPU
		{7B53636F-27DD-44A1-8102-B7B0C579F7DE}.Release|Any CPU.ActiveCfg = Release|Any CPU
		{7B53636F-27DD-44A1-8102-B7B0C579F7DE}.Release|Any CPU.Build.0 = Release|Any CPU
		{7B53636F-27DD-44A1-8102-B7B0C579F7DE}.Release|Any CPU.Deploy.0 = Release|Any CPU
		{583A259D-AE10-414C-B84D-659E3CCE56E5}.Debug|Any CPU.ActiveCfg = Debug|Any CPU
		{583A259D-AE10-414C-B84D-659E3CCE56E5}.Debug|Any CPU.Build.0 = Debug|Any CPU
		{583A259D-AE10-414C-B84D-659E3CCE56E5}.Debug|Any CPU.Deploy.0 = Debug|Any CPU
		{583A259D-AE10-414C-B84D-659E3CCE56E5}.Debug-Adrian|Any CPU.ActiveCfg = Debug-Adrian|Any CPU
		{583A259D-AE10-414C-B84D-659E3CCE56E5}.Debug-Adrian|Any CPU.Build.0 = Debug-Adrian|Any CPU
		{583A259D-AE10-414C-B84D-659E3CCE56E5}.Debug-Adrian|Any CPU.Deploy.0 = Debug-Adrian|Any CPU
		{583A259D-AE10-414C-B84D-659E3CCE56E5}.Debug-Sean|Any CPU.ActiveCfg = Debug-Sean|Any CPU
		{583A259D-AE10-414C-B84D-659E3CCE56E5}.Debug-Sean|Any CPU.Build.0 = Debug-Sean|Any CPU
		{583A259D-AE10-414C-B84D-659E3CCE56E5}.Debug-Sean|Any CPU.Deploy.0 = Debug-Sean|Any CPU
		{583A259D-AE10-414C-B84D-659E3CCE56E5}.Debug-SeanSVN|Any CPU.ActiveCfg = Debug-SeanSVN|Any CPU
		{583A259D-AE10-414C-B84D-659E3CCE56E5}.Debug-SeanSVN|Any CPU.Build.0 = Debug-SeanSVN|Any CPU
		{583A259D-AE10-414C-B84D-659E3CCE56E5}.Debug-SeanSVN|Any CPU.Deploy.0 = Debug-SeanSVN|Any CPU
		{583A259D-AE10-414C-B84D-659E3CCE56E5}.Dev|Any CPU.ActiveCfg = Dev|Any CPU
		{583A259D-AE10-414C-B84D-659E3CCE56E5}.Dev|Any CPU.Build.0 = Dev|Any CPU
		{583A259D-AE10-414C-B84D-659E3CCE56E5}.Dev|Any CPU.Deploy.0 = Dev|Any CPU
		{583A259D-AE10-414C-B84D-659E3CCE56E5}.Prod|Any CPU.ActiveCfg = Prod|Any CPU
		{583A259D-AE10-414C-B84D-659E3CCE56E5}.Prod|Any CPU.Build.0 = Prod|Any CPU
		{583A259D-AE10-414C-B84D-659E3CCE56E5}.Prod|Any CPU.Deploy.0 = Prod|Any CPU
		{583A259D-AE10-414C-B84D-659E3CCE56E5}.QA|Any CPU.ActiveCfg = QA|Any CPU
		{583A259D-AE10-414C-B84D-659E3CCE56E5}.QA|Any CPU.Build.0 = QA|Any CPU
		{583A259D-AE10-414C-B84D-659E3CCE56E5}.QA|Any CPU.Deploy.0 = QA|Any CPU
		{583A259D-AE10-414C-B84D-659E3CCE56E5}.Release|Any CPU.ActiveCfg = Release|Any CPU
		{583A259D-AE10-414C-B84D-659E3CCE56E5}.Release|Any CPU.Build.0 = Release|Any CPU
		{583A259D-AE10-414C-B84D-659E3CCE56E5}.Release|Any CPU.Deploy.0 = Release|Any CPU
		{AB40808F-AAA0-491C-A220-C1C0C8905BDE}.Debug|Any CPU.ActiveCfg = Debug|Any CPU
		{AB40808F-AAA0-491C-A220-C1C0C8905BDE}.Debug|Any CPU.Build.0 = Debug|Any CPU
		{AB40808F-AAA0-491C-A220-C1C0C8905BDE}.Debug-Adrian|Any CPU.ActiveCfg = Debug|Any CPU
		{AB40808F-AAA0-491C-A220-C1C0C8905BDE}.Debug-Adrian|Any CPU.Build.0 = Debug|Any CPU
		{AB40808F-AAA0-491C-A220-C1C0C8905BDE}.Debug-Sean|Any CPU.ActiveCfg = Debug|Any CPU
		{AB40808F-AAA0-491C-A220-C1C0C8905BDE}.Debug-Sean|Any CPU.Build.0 = Debug|Any CPU
		{AB40808F-AAA0-491C-A220-C1C0C8905BDE}.Debug-SeanSVN|Any CPU.ActiveCfg = Debug|Any CPU
		{AB40808F-AAA0-491C-A220-C1C0C8905BDE}.Debug-SeanSVN|Any CPU.Build.0 = Debug|Any CPU
		{AB40808F-AAA0-491C-A220-C1C0C8905BDE}.Dev|Any CPU.ActiveCfg = Debug|Any CPU
		{AB40808F-AAA0-491C-A220-C1C0C8905BDE}.Dev|Any CPU.Build.0 = Debug|Any CPU
		{AB40808F-AAA0-491C-A220-C1C0C8905BDE}.Prod|Any CPU.ActiveCfg = Release|Any CPU
		{AB40808F-AAA0-491C-A220-C1C0C8905BDE}.Prod|Any CPU.Build.0 = Release|Any CPU
		{AB40808F-AAA0-491C-A220-C1C0C8905BDE}.QA|Any CPU.ActiveCfg = Release|Any CPU
		{AB40808F-AAA0-491C-A220-C1C0C8905BDE}.QA|Any CPU.Build.0 = Release|Any CPU
		{AB40808F-AAA0-491C-A220-C1C0C8905BDE}.Release|Any CPU.ActiveCfg = Release|Any CPU
		{AB40808F-AAA0-491C-A220-C1C0C8905BDE}.Release|Any CPU.Build.0 = Release|Any CPU
		{D29742AE-DCD9-4A34-AD67-E3F39FE4443C}.Debug|Any CPU.ActiveCfg = Debug|Any CPU
		{D29742AE-DCD9-4A34-AD67-E3F39FE4443C}.Debug|Any CPU.Build.0 = Debug|Any CPU
		{D29742AE-DCD9-4A34-AD67-E3F39FE4443C}.Debug-Adrian|Any CPU.ActiveCfg = Debug|Any CPU
		{D29742AE-DCD9-4A34-AD67-E3F39FE4443C}.Debug-Adrian|Any CPU.Build.0 = Debug|Any CPU
		{D29742AE-DCD9-4A34-AD67-E3F39FE4443C}.Debug-Sean|Any CPU.ActiveCfg = Debug|Any CPU
		{D29742AE-DCD9-4A34-AD67-E3F39FE4443C}.Debug-Sean|Any CPU.Build.0 = Debug|Any CPU
		{D29742AE-DCD9-4A34-AD67-E3F39FE4443C}.Debug-SeanSVN|Any CPU.ActiveCfg = Debug|Any CPU
		{D29742AE-DCD9-4A34-AD67-E3F39FE4443C}.Debug-SeanSVN|Any CPU.Build.0 = Debug|Any CPU
		{D29742AE-DCD9-4A34-AD67-E3F39FE4443C}.Dev|Any CPU.ActiveCfg = Debug|Any CPU
		{D29742AE-DCD9-4A34-AD67-E3F39FE4443C}.Dev|Any CPU.Build.0 = Debug|Any CPU
		{D29742AE-DCD9-4A34-AD67-E3F39FE4443C}.Prod|Any CPU.ActiveCfg = Release|Any CPU
		{D29742AE-DCD9-4A34-AD67-E3F39FE4443C}.Prod|Any CPU.Build.0 = Release|Any CPU
		{D29742AE-DCD9-4A34-AD67-E3F39FE4443C}.QA|Any CPU.ActiveCfg = Release|Any CPU
		{D29742AE-DCD9-4A34-AD67-E3F39FE4443C}.QA|Any CPU.Build.0 = Release|Any CPU
		{D29742AE-DCD9-4A34-AD67-E3F39FE4443C}.Release|Any CPU.ActiveCfg = Release|Any CPU
		{D29742AE-DCD9-4A34-AD67-E3F39FE4443C}.Release|Any CPU.Build.0 = Release|Any CPU
	EndGlobalSection
	GlobalSection(SolutionProperties) = preSolution
		HideSolutionNode = FALSE
	EndGlobalSection
EndGlobal
